// !$*UTF8*$!
{
	archiveVersion = 1;
	classes = {
	};
	objectVersion = 50;
	objects = {

/* Begin PBXBuildFile section */
		082C945F23A0CA3D00DB5754 /* MainViewController.swift in Sources */ = {isa = PBXBuildFile; fileRef = 082C945E23A0CA3D00DB5754 /* MainViewController.swift */; };
		083A533923CC89D30078E787 /* 1107_resources in Resources */ = {isa = PBXBuildFile; fileRef = 083A533723CC89D30078E787 /* 1107_resources */; settings = {ASSET_TAGS = (1107, ); }; };
		083A533A23CC89D30078E787 /* 1107_scripts in Resources */ = {isa = PBXBuildFile; fileRef = 083A533823CC89D30078E787 /* 1107_scripts */; };
		083A580D23CDEC3F0078E787 /* 1123_resources in Resources */ = {isa = PBXBuildFile; fileRef = 083A580B23CDEC3F0078E787 /* 1123_resources */; settings = {ASSET_TAGS = (1123, ); }; };
		083A580E23CDEC3F0078E787 /* 1123_scripts in Resources */ = {isa = PBXBuildFile; fileRef = 083A580C23CDEC3F0078E787 /* 1123_scripts */; };
		083C34EC23AF83F100CBFACA /* GamesCore in Resources */ = {isa = PBXBuildFile; fileRef = 083C34EB23AF83F100CBFACA /* GamesCore */; };
		083C34EE23AF841700CBFACA /* 431_resources in Resources */ = {isa = PBXBuildFile; fileRef = 083C34ED23AF841700CBFACA /* 431_resources */; settings = {ASSET_TAGS = (431, ); }; };
		083C34F023AF842100CBFACA /* 431_scripts in Resources */ = {isa = PBXBuildFile; fileRef = 083C34EF23AF842100CBFACA /* 431_scripts */; };
		083C34F823AF9A8800CBFACA /* GWTCommon in Resources */ = {isa = PBXBuildFile; fileRef = 083C34F723AF9A8800CBFACA /* GWTCommon */; };
		083C350423AF9AE700CBFACA /* GameConfigurations.json in Resources */ = {isa = PBXBuildFile; fileRef = 083C34FD23AF9AE700CBFACA /* GameConfigurations.json */; };
		087E324D23BDCCBA00DFEB1A /* Launcher in Resources */ = {isa = PBXBuildFile; fileRef = 087E324C23BDCCBA00DFEB1A /* Launcher */; };
		08A64F0F23706B7300932286 /* AppDelegate.swift in Sources */ = {isa = PBXBuildFile; fileRef = 08A64F0E23706B7300932286 /* AppDelegate.swift */; };
		08A64F1123706B7300932286 /* ViewController.swift in Sources */ = {isa = PBXBuildFile; fileRef = 08A64F1023706B7300932286 /* ViewController.swift */; };
		08A64F1423706B7300932286 /* Main.storyboard in Resources */ = {isa = PBXBuildFile; fileRef = 08A64F1223706B7300932286 /* Main.storyboard */; };
		08A64F1623706B7500932286 /* Assets.xcassets in Resources */ = {isa = PBXBuildFile; fileRef = 08A64F1523706B7500932286 /* Assets.xcassets */; };
		08A64F1923706B7500932286 /* LaunchScreen.storyboard in Resources */ = {isa = PBXBuildFile; fileRef = 08A64F1723706B7500932286 /* LaunchScreen.storyboard */; };
		08A8CEB023CEF8CC00627A25 /* loader.js in Resources */ = {isa = PBXBuildFile; fileRef = 08A8CDA323CEF8CC00627A25 /* loader.js */; };
		08A8CEB223CEF8DB00627A25 /* mic-frosty-fun in Resources */ = {isa = PBXBuildFile; fileRef = 08A8CEB123CEF8DB00627A25 /* mic-frosty-fun */; settings = {ASSET_TAGS = (659, ); }; };
		08F1A1E723CB1B11008B0C09 /* 1121_resources in Resources */ = {isa = PBXBuildFile; fileRef = 08F1A1E523CB1B11008B0C09 /* 1121_resources */; settings = {ASSET_TAGS = (1121, ); }; };
		08F1A1E823CB1B11008B0C09 /* 1121_scripts in Resources */ = {isa = PBXBuildFile; fileRef = 08F1A1E623CB1B11008B0C09 /* 1121_scripts */; };
/* End PBXBuildFile section */

/* Begin PBXFileReference section */
		082C945E23A0CA3D00DB5754 /* MainViewController.swift */ = {isa = PBXFileReference; lastKnownFileType = sourcecode.swift; path = MainViewController.swift; sourceTree = "<group>"; };
		083A533723CC89D30078E787 /* 1107_resources */ = {isa = PBXFileReference; lastKnownFileType = folder; path = 1107_resources; sourceTree = "<group>"; };
		083A533823CC89D30078E787 /* 1107_scripts */ = {isa = PBXFileReference; lastKnownFileType = folder; path = 1107_scripts; sourceTree = "<group>"; };
		083A580B23CDEC3F0078E787 /* 1123_resources */ = {isa = PBXFileReference; lastKnownFileType = folder; path = 1123_resources; sourceTree = "<group>"; };
		083A580C23CDEC3F0078E787 /* 1123_scripts */ = {isa = PBXFileReference; lastKnownFileType = folder; path = 1123_scripts; sourceTree = "<group>"; };
		083C34EB23AF83F100CBFACA /* GamesCore */ = {isa = PBXFileReference; lastKnownFileType = folder; path = GamesCore; sourceTree = "<group>"; };
		083C34ED23AF841700CBFACA /* 431_resources */ = {isa = PBXFileReference; lastKnownFileType = folder; path = 431_resources; sourceTree = "<group>"; };
		083C34EF23AF842100CBFACA /* 431_scripts */ = {isa = PBXFileReference; lastKnownFileType = folder; path = 431_scripts; sourceTree = "<group>"; };
		083C34F723AF9A8800CBFACA /* GWTCommon */ = {isa = PBXFileReference; lastKnownFileType = folder; path = GWTCommon; sourceTree = "<group>"; };
		083C34FD23AF9AE700CBFACA /* GameConfigurations.json */ = {isa = PBXFileReference; fileEncoding = 4; lastKnownFileType = text.json; path = GameConfigurations.json; sourceTree = "<group>"; };
		087E324C23BDCCBA00DFEB1A /* Launcher */ = {isa = PBXFileReference; lastKnownFileType = folder; path = Launcher; sourceTree = "<group>"; };
		08A64F0B23706B7300932286 /* MyApp.app */ = {isa = PBXFileReference; explicitFileType = wrapper.application; includeInIndex = 0; path = MyApp.app; sourceTree = BUILT_PRODUCTS_DIR; };
		08A64F0E23706B7300932286 /* AppDelegate.swift */ = {isa = PBXFileReference; lastKnownFileType = sourcecode.swift; path = AppDelegate.swift; sourceTree = "<group>"; };
		08A64F1023706B7300932286 /* ViewController.swift */ = {isa = PBXFileReference; lastKnownFileType = sourcecode.swift; path = ViewController.swift; sourceTree = "<group>"; };
		08A64F1323706B7300932286 /* Base */ = {isa = PBXFileReference; lastKnownFileType = file.storyboard; name = Base; path = Base.lproj/Main.storyboard; sourceTree = "<group>"; };
		08A64F1523706B7500932286 /* Assets.xcassets */ = {isa = PBXFileReference; lastKnownFileType = folder.assetcatalog; path = Assets.xcassets; sourceTree = "<group>"; };
		08A64F1823706B7500932286 /* Base */ = {isa = PBXFileReference; lastKnownFileType = file.storyboard; name = Base; path = Base.lproj/LaunchScreen.storyboard; sourceTree = "<group>"; };
		08A64F1A23706B7500932286 /* Info.plist */ = {isa = PBXFileReference; lastKnownFileType = text.plist.xml; path = Info.plist; sourceTree = "<group>"; };
		08A8CDA323CEF8CC00627A25 /* loader.js */ = {isa = PBXFileReference; fileEncoding = 4; lastKnownFileType = sourcecode.javascript; path = loader.js; sourceTree = "<group>"; };
		08A8CEB123CEF8DB00627A25 /* mic-frosty-fun */ = {isa = PBXFileReference; lastKnownFileType = folder; path = "mic-frosty-fun"; sourceTree = "<group>"; };
		08F1A1E523CB1B11008B0C09 /* 1121_resources */ = {isa = PBXFileReference; lastKnownFileType = folder; path = 1121_resources; sourceTree = "<group>"; };
		08F1A1E623CB1B11008B0C09 /* 1121_scripts */ = {isa = PBXFileReference; lastKnownFileType = folder; path = 1121_scripts; sourceTree = "<group>"; };
/* End PBXFileReference section */

/* Begin PBXFrameworksBuildPhase section */
		08A64F0823706B7300932286 /* Frameworks */ = {
			isa = PBXFrameworksBuildPhase;
			buildActionMask = 2147483647;
			files = (
			);
			runOnlyForDeploymentPostprocessing = 0;
		};
/* End PBXFrameworksBuildPhase section */

/* Begin PBXGroup section */
		083A51F023CC89B30078E787 /* 1107 */ = {
			isa = PBXGroup;
			children = (
				083A533723CC89D30078E787 /* 1107_resources */,
				083A533823CC89D30078E787 /* 1107_scripts */,
			);
			path = 1107;
			sourceTree = "<group>";
		};
		083A55A523CDEC1D0078E787 /* 1123 */ = {
			isa = PBXGroup;
			children = (
				083A580B23CDEC3F0078E787 /* 1123_resources */,
				083A580C23CDEC3F0078E787 /* 1123_scripts */,
			);
			path = 1123;
			sourceTree = "<group>";
		};
		083C317623AF83DA00CBFACA /* NG_Games */ = {
			isa = PBXGroup;
			children = (
				083A55A523CDEC1D0078E787 /* 1123 */,
				083A51F023CC89B30078E787 /* 1107 */,
				087E324C23BDCCBA00DFEB1A /* Launcher */,
				083C34FD23AF9AE700CBFACA /* GameConfigurations.json */,
				083C34F723AF9A8800CBFACA /* GWTCommon */,
				083C34EB23AF83F100CBFACA /* GamesCore */,
				08F1A0FF23CB1AEA008B0C09 /* 1121 */,
				083C31F523AF83DA00CBFACA /* 431 */,
			);
			path = NG_Games;
			sourceTree = "<group>";
		};
		083C31F523AF83DA00CBFACA /* 431 */ = {
			isa = PBXGroup;
			children = (
				083C34EF23AF842100CBFACA /* 431_scripts */,
				083C34ED23AF841700CBFACA /* 431_resources */,
			);
			path = 431;
			sourceTree = "<group>";
		};
		08A64F0223706B7300932286 = {
			isa = PBXGroup;
			children = (
				08A64F0D23706B7300932286 /* MyApp */,
				08A64F0C23706B7300932286 /* Products */,
			);
			sourceTree = "<group>";
		};
		08A64F0C23706B7300932286 /* Products */ = {
			isa = PBXGroup;
			children = (
				08A64F0B23706B7300932286 /* MyApp.app */,
			);
			name = Products;
			sourceTree = "<group>";
		};
		08A64F0D23706B7300932286 /* MyApp */ = {
			isa = PBXGroup;
			children = (
				08A8CC8423CEF8CC00627A25 /* IWG */,
				083C317623AF83DA00CBFACA /* NG_Games */,
				08A64F0E23706B7300932286 /* AppDelegate.swift */,
				08A64F1023706B7300932286 /* ViewController.swift */,
				082C945E23A0CA3D00DB5754 /* MainViewController.swift */,
				08A64F1223706B7300932286 /* Main.storyboard */,
				08A64F1523706B7500932286 /* Assets.xcassets */,
				08A64F1723706B7500932286 /* LaunchScreen.storyboard */,
				08A64F1A23706B7500932286 /* Info.plist */,
			);
			path = MyApp;
			sourceTree = "<group>";
		};
		08A8CC8423CEF8CC00627A25 /* IWG */ = {
			isa = PBXGroup;
			children = (
				08A8CC8823CEF8CC00627A25 /* games */,
				08A8CDA323CEF8CC00627A25 /* loader.js */,
			);
			path = IWG;
			sourceTree = "<group>";
		};
		08A8CC8823CEF8CC00627A25 /* games */ = {
			isa = PBXGroup;
			children = (
				08A8CEB123CEF8DB00627A25 /* mic-frosty-fun */,
			);
			path = games;
			sourceTree = "<group>";
		};
		08F1A0FF23CB1AEA008B0C09 /* 1121 */ = {
			isa = PBXGroup;
			children = (
				08F1A1E523CB1B11008B0C09 /* 1121_resources */,
				08F1A1E623CB1B11008B0C09 /* 1121_scripts */,
			);
			path = 1121;
			sourceTree = "<group>";
		};
/* End PBXGroup section */

/* Begin PBXNativeTarget section */
		08A64F0A23706B7300932286 /* MyApp */ = {
			isa = PBXNativeTarget;
			buildConfigurationList = 08A64F1D23706B7500932286 /* Build configuration list for PBXNativeTarget "MyApp" */;
			buildPhases = (
				08A64F0723706B7300932286 /* Sources */,
				08A64F0823706B7300932286 /* Frameworks */,
				08A64F0923706B7300932286 /* Resources */,
			);
			buildRules = (
			);
			dependencies = (
			);
			name = MyApp;
			productName = MyApp;
			productReference = 08A64F0B23706B7300932286 /* MyApp.app */;
			productType = "com.apple.product-type.application";
		};
/* End PBXNativeTarget section */

/* Begin PBXProject section */
		08A64F0323706B7300932286 /* Project object */ = {
			isa = PBXProject;
			attributes = {
				KnownAssetTags = (
					1107,
					1121,
					1123,
					431,
					659,
				);
				LastSwiftUpdateCheck = 1010;
				LastUpgradeCheck = 1010;
				ORGANIZATIONNAME = "NGT-SYSTEMS";
				TargetAttributes = {
					08A64F0A23706B7300932286 = {
						CreatedOnToolsVersion = 10.1;
					};
				};
			};
			buildConfigurationList = 08A64F0623706B7300932286 /* Build configuration list for PBXProject "MyApp" */;
			compatibilityVersion = "Xcode 9.3";
			developmentRegion = en;
			hasScannedForEncodings = 0;
			knownRegions = (
				en,
				Base,
			);
			mainGroup = 08A64F0223706B7300932286;
			productRefGroup = 08A64F0C23706B7300932286 /* Products */;
			projectDirPath = "";
			projectRoot = "";
			targets = (
				08A64F0A23706B7300932286 /* MyApp */,
			);
		};
/* End PBXProject section */

/* Begin PBXResourcesBuildPhase section */
		08A64F0923706B7300932286 /* Resources */ = {
			isa = PBXResourcesBuildPhase;
			buildActionMask = 2147483647;
			files = (
				08F1A1E823CB1B11008B0C09 /* 1121_scripts in Resources */,
				08A8CEB223CEF8DB00627A25 /* mic-frosty-fun in Resources */,
				08A64F1923706B7500932286 /* LaunchScreen.storyboard in Resources */,
				083A580E23CDEC3F0078E787 /* 1123_scripts in Resources */,
				083C34EE23AF841700CBFACA /* 431_resources in Resources */,
				083C34F023AF842100CBFACA /* 431_scripts in Resources */,
				08A8CEB023CEF8CC00627A25 /* loader.js in Resources */,
				08F1A1E723CB1B11008B0C09 /* 1121_resources in Resources */,
				083A580D23CDEC3F0078E787 /* 1123_resources in Resources */,
				08A64F1623706B7500932286 /* Assets.xcassets in Resources */,
				08A64F1423706B7300932286 /* Main.storyboard in Resources */,
				083C34EC23AF83F100CBFACA /* GamesCore in Resources */,
				087E324D23BDCCBA00DFEB1A /* Launcher in Resources */,
				083A533923CC89D30078E787 /* 1107_resources in Resources */,
				083C34F823AF9A8800CBFACA /* GWTCommon in Resources */,
				083C350423AF9AE700CBFACA /* GameConfigurations.json in Resources */,
				083A533A23CC89D30078E787 /* 1107_scripts in Resources */,
			);
			runOnlyForDeploymentPostprocessing = 0;
		};
/* End PBXResourcesBuildPhase section */

/* Begin PBXSourcesBuildPhase section */
		08A64F0723706B7300932286 /* Sources */ = {
			isa = PBXSourcesBuildPhase;
			buildActionMask = 2147483647;
			files = (
				082C945F23A0CA3D00DB5754 /* MainViewController.swift in Sources */,
				08A64F1123706B7300932286 /* ViewController.swift in Sources */,
				08A64F0F23706B7300932286 /* AppDelegate.swift in Sources */,
			);
			runOnlyForDeploymentPostprocessing = 0;
		};
/* End PBXSourcesBuildPhase section */

/* Begin PBXVariantGroup section */
		08A64F1223706B7300932286 /* Main.storyboard */ = {
			isa = PBXVariantGroup;
			children = (
				08A64F1323706B7300932286 /* Base */,
			);
			name = Main.storyboard;
			sourceTree = "<group>";
		};
		08A64F1723706B7500932286 /* LaunchScreen.storyboard */ = {
			isa = PBXVariantGroup;
			children = (
				08A64F1823706B7500932286 /* Base */,
			);
			name = LaunchScreen.storyboard;
			sourceTree = "<group>";
		};
/* End PBXVariantGroup section */

/* Begin XCBuildConfiguration section */
		08A64F1B23706B7500932286 /* Debug */ = {
			isa = XCBuildConfiguration;
			buildSettings = {
				ALWAYS_SEARCH_USER_PATHS = NO;
				ASSET_PACK_MANIFEST_URL_PREFIX = "https://download.qa.gamesrv1.com/secure/ODR/";
				CLANG_ANALYZER_NONNULL = YES;
				CLANG_ANALYZER_NUMBER_OBJECT_CONVERSION = YES_AGGRESSIVE;
				CLANG_CXX_LANGUAGE_STANDARD = "gnu++14";
				CLANG_CXX_LIBRARY = "libc++";
				CLANG_ENABLE_MODULES = YES;
				CLANG_ENABLE_OBJC_ARC = YES;
				CLANG_ENABLE_OBJC_WEAK = YES;
				CLANG_WARN_BLOCK_CAPTURE_AUTORELEASING = YES;
				CLANG_WARN_BOOL_CONVERSION = YES;
				CLANG_WARN_COMMA = YES;
				CLANG_WARN_CONSTANT_CONVERSION = YES;
				CLANG_WARN_DEPRECATED_OBJC_IMPLEMENTATIONS = YES;
				CLANG_WARN_DIRECT_OBJC_ISA_USAGE = YES_ERROR;
				CLANG_WARN_DOCUMENTATION_COMMENTS = YES;
				CLANG_WARN_EMPTY_BODY = YES;
				CLANG_WARN_ENUM_CONVERSION = YES;
				CLANG_WARN_INFINITE_RECURSION = YES;
				CLANG_WARN_INT_CONVERSION = YES;
				CLANG_WARN_NON_LITERAL_NULL_CONVERSION = YES;
				CLANG_WARN_OBJC_IMPLICIT_RETAIN_SELF = YES;
				CLANG_WARN_OBJC_LITERAL_CONVERSION = YES;
				CLANG_WARN_OBJC_ROOT_CLASS = YES_ERROR;
				CLANG_WARN_RANGE_LOOP_ANALYSIS = YES;
				CLANG_WARN_STRICT_PROTOTYPES = YES;
				CLANG_WARN_SUSPICIOUS_MOVE = YES;
				CLANG_WARN_UNGUARDED_AVAILABILITY = YES_AGGRESSIVE;
				CLANG_WARN_UNREACHABLE_CODE = YES;
				CLANG_WARN__DUPLICATE_METHOD_MATCH = YES;
				CODE_SIGN_IDENTITY = "iPhone Developer";
				COPY_PHASE_STRIP = NO;
				DEBUG_INFORMATION_FORMAT = dwarf;
				ENABLE_ON_DEMAND_RESOURCES = YES;
				ENABLE_STRICT_OBJC_MSGSEND = YES;
				ENABLE_TESTABILITY = YES;
				GCC_C_LANGUAGE_STANDARD = gnu11;
				GCC_DYNAMIC_NO_PIC = NO;
				GCC_NO_COMMON_BLOCKS = YES;
				GCC_OPTIMIZATION_LEVEL = 0;
				GCC_PREPROCESSOR_DEFINITIONS = (
					"DEBUG=1",
					"$(inherited)",
				);
				GCC_WARN_64_TO_32_BIT_CONVERSION = YES;
				GCC_WARN_ABOUT_RETURN_TYPE = YES_ERROR;
				GCC_WARN_UNDECLARED_SELECTOR = YES;
				GCC_WARN_UNINITIALIZED_AUTOS = YES_AGGRESSIVE;
				GCC_WARN_UNUSED_FUNCTION = YES;
				GCC_WARN_UNUSED_VARIABLE = YES;
				IPHONEOS_DEPLOYMENT_TARGET = 10.0;
				MTL_ENABLE_DEBUG_INFO = INCLUDE_SOURCE;
				MTL_FAST_MATH = YES;
				ONLY_ACTIVE_ARCH = YES;
				SDKROOT = iphoneos;
				SWIFT_ACTIVE_COMPILATION_CONDITIONS = DEBUG;
				SWIFT_OPTIMIZATION_LEVEL = "-Onone";
			};
			name = Debug;
		};
		08A64F1C23706B7500932286 /* Release */ = {
			isa = XCBuildConfiguration;
			buildSettings = {
				ALWAYS_SEARCH_USER_PATHS = NO;
				ASSET_PACK_MANIFEST_URL_PREFIX = "https://download.qa.gamesrv1.com/secure/ODR/";
				CLANG_ANALYZER_NONNULL = YES;
				CLANG_ANALYZER_NUMBER_OBJECT_CONVERSION = YES_AGGRESSIVE;
				CLANG_CXX_LANGUAGE_STANDARD = "gnu++14";
				CLANG_CXX_LIBRARY = "libc++";
				CLANG_ENABLE_MODULES = YES;
				CLANG_ENABLE_OBJC_ARC = YES;
				CLANG_ENABLE_OBJC_WEAK = YES;
				CLANG_WARN_BLOCK_CAPTURE_AUTORELEASING = YES;
				CLANG_WARN_BOOL_CONVERSION = YES;
				CLANG_WARN_COMMA = YES;
				CLANG_WARN_CONSTANT_CONVERSION = YES;
				CLANG_WARN_DEPRECATED_OBJC_IMPLEMENTATIONS = YES;
				CLANG_WARN_DIRECT_OBJC_ISA_USAGE = YES_ERROR;
				CLANG_WARN_DOCUMENTATION_COMMENTS = YES;
				CLANG_WARN_EMPTY_BODY = YES;
				CLANG_WARN_ENUM_CONVERSION = YES;
				CLANG_WARN_INFINITE_RECURSION = YES;
				CLANG_WARN_INT_CONVERSION = YES;
				CLANG_WARN_NON_LITERAL_NULL_CONVERSION = YES;
				CLANG_WARN_OBJC_IMPLICIT_RETAIN_SELF = YES;
				CLANG_WARN_OBJC_LITERAL_CONVERSION = YES;
				CLANG_WARN_OBJC_ROOT_CLASS = YES_ERROR;
				CLANG_WARN_RANGE_LOOP_ANALYSIS = YES;
				CLANG_WARN_STRICT_PROTOTYPES = YES;
				CLANG_WARN_SUSPICIOUS_MOVE = YES;
				CLANG_WARN_UNGUARDED_AVAILABILITY = YES_AGGRESSIVE;
				CLANG_WARN_UNREACHABLE_CODE = YES;
				CLANG_WARN__DUPLICATE_METHOD_MATCH = YES;
				CODE_SIGN_IDENTITY = "iPhone Developer";
				COPY_PHASE_STRIP = NO;
				DEBUG_INFORMATION_FORMAT = "dwarf-with-dsym";
				ENABLE_NS_ASSERTIONS = NO;
				ENABLE_ON_DEMAND_RESOURCES = YES;
				ENABLE_STRICT_OBJC_MSGSEND = YES;
				GCC_C_LANGUAGE_STANDARD = gnu11;
				GCC_NO_COMMON_BLOCKS = YES;
				GCC_WARN_64_TO_32_BIT_CONVERSION = YES;
				GCC_WARN_ABOUT_RETURN_TYPE = YES_ERROR;
				GCC_WARN_UNDECLARED_SELECTOR = YES;
				GCC_WARN_UNINITIALIZED_AUTOS = YES_AGGRESSIVE;
				GCC_WARN_UNUSED_FUNCTION = YES;
				GCC_WARN_UNUSED_VARIABLE = YES;
				IPHONEOS_DEPLOYMENT_TARGET = 10.0;
				MTL_ENABLE_DEBUG_INFO = NO;
				MTL_FAST_MATH = YES;
				SDKROOT = iphoneos;
				SWIFT_COMPILATION_MODE = wholemodule;
				SWIFT_OPTIMIZATION_LEVEL = "-O";
				VALIDATE_PRODUCT = YES;
			};
			name = Release;
		};
		08A64F1E23706B7500932286 /* Debug */ = {
			isa = XCBuildConfiguration;
			buildSettings = {
				ASSETCATALOG_COMPILER_APPICON_NAME = AppIcon;
				ASSET_PACK_MANIFEST_URL_PREFIX = "https://download.qa.gamesrv1.com/secure/ODR/";
				CODE_SIGN_STYLE = Automatic;
				DEVELOPMENT_TEAM = K4QJM63FW8;
				EMBED_ASSET_PACKS_IN_PRODUCT_BUNDLE = YES;
				INFOPLIST_FILE = MyApp/Info.plist;
				IPHONEOS_DEPLOYMENT_TARGET = 11.0;
				LD_RUNPATH_SEARCH_PATHS = (
					"$(inherited)",
					"@executable_path/Frameworks",
				);
				ON_DEMAND_RESOURCES_INITIAL_INSTALL_TAGS = "";
				PRODUCT_BUNDLE_IDENTIFIER = com.ngtsystems.MyApp;
				PRODUCT_NAME = "$(TARGET_NAME)";
				SWIFT_VERSION = 4.2;
				TARGETED_DEVICE_FAMILY = "1,2";
			};
			name = Debug;
		};
		08A64F1F23706B7500932286 /* Release */ = {
			isa = XCBuildConfiguration;
			buildSettings = {
				ASSETCATALOG_COMPILER_APPICON_NAME = AppIcon;
				ASSET_PACK_MANIFEST_URL_PREFIX = "https://download.qa.gamesrv1.com/secure/ODR/";
				CODE_SIGN_STYLE = Automatic;
				DEVELOPMENT_TEAM = K4QJM63FW8;
				EMBED_ASSET_PACKS_IN_PRODUCT_BUNDLE = YES;
				INFOPLIST_FILE = MyApp/Info.plist;
				IPHONEOS_DEPLOYMENT_TARGET = 11.0;
				LD_RUNPATH_SEARCH_PATHS = (
					"$(inherited)",
					"@executable_path/Frameworks",
				);
				ON_DEMAND_RESOURCES_INITIAL_INSTALL_TAGS = "";
				PRODUCT_BUNDLE_IDENTIFIER = com.ngtsystems.MyApp;
				PRODUCT_NAME = "$(TARGET_NAME)";
				SWIFT_VERSION = 4.2;
				TARGETED_DEVICE_FAMILY = "1,2";
			};
			name = Release;
		};
/* End XCBuildConfiguration section */

/* Begin XCConfigurationList section */
		08A64F0623706B7300932286 /* Build configuration list for PBXProject "MyApp" */ = {
			isa = XCConfigurationList;
			buildConfigurations = (
				08A64F1B23706B7500932286 /* Debug */,
				08A64F1C23706B7500932286 /* Release */,
			);
			defaultConfigurationIsVisible = 0;
			defaultConfigurationName = Release;
		};
		08A64F1D23706B7500932286 /* Build configuration list for PBXNativeTarget "MyApp" */ = {
			isa = XCConfigurationList;
			buildConfigurations = (
				08A64F1E23706B7500932286 /* Debug */,
				08A64F1F23706B7500932286 /* Release */,
			);
			defaultConfigurationIsVisible = 0;
			defaultConfigurationName = Release;
		};
/* End XCConfigurationList section */
	};
	rootObject = 08A64F0323706B7300932286 /* Project object */;
}
